<?xml version="1.0" encoding="utf-8"?>
<Project ToolsVersion="4.0" xmlns="http://schemas.microsoft.com/developer/msbuild/2003">
  <ItemGroup>
    <Filter Include="Файлы исходного кода">
      <UniqueIdentifier>{4FC737F1-C7A5-4376-A066-2A32D752A2FF}</UniqueIdentifier>
      <Extensions>cpp;c;cc;cxx;def;odl;idl;hpj;bat;asm;asmx</Extensions>
    </Filter>
    <Filter Include="Заголовочные файлы">
      <UniqueIdentifier>{93995380-89BD-4b04-88EB-625FBE52EBFB}</UniqueIdentifier>
      <Extensions>h;hh;hpp;hxx;hm;inl;inc;xsd</Extensions>
    </Filter>
    <Filter Include="Файлы ресурсов">
      <UniqueIdentifier>{67DA6AB6-F800-4c08-8B7A-83BB121AAD01}</UniqueIdentifier>
      <Extensions>rc;ico;cur;bmp;dlg;rc2;rct;bin;rgs;gif;jpg;jpeg;jpe;resx;tiff;tif;png;wav;mfcribbon-ms</Extensions>
    </Filter>
    <Filter Include="Заголовочные файлы\tokens">
      <UniqueIdentifier>{37938e45-9645-4a85-be09-fff94db6fa17}</UniqueIdentifier>
    </Filter>
    <Filter Include="Заголовочные файлы\asm">
      <UniqueIdentifier>{ef4016e9-b37b-494e-8d7b-ed455eede140}</UniqueIdentifier>
    </Filter>
    <Filter Include="Заголовочные файлы\parser_nodes">
      <UniqueIdentifier>{2b7ea36d-fa52-4dee-8188-531ef00af979}</UniqueIdentifier>
    </Filter>
  </ItemGroup>
  <ItemGroup>
    <ClCompile Include="main.cpp">
      <Filter>Файлы исходного кода</Filter>
    </ClCompile>
    <ClCompile Include="tokens.cpp">
      <Filter>Файлы исходного кода</Filter>
    </ClCompile>
    <ClCompile Include="lexeme_analyzer.cpp">
      <Filter>Файлы исходного кода</Filter>
    </ClCompile>
    <ClCompile Include="parser.cpp">
      <Filter>Файлы исходного кода</Filter>
    </ClCompile>
    <ClCompile Include="parser_expression_node.cpp">
      <Filter>Файлы исходного кода</Filter>
    </ClCompile>
    <ClCompile Include="parser_base_node.cpp">
      <Filter>Файлы исходного кода</Filter>
    </ClCompile>
    <ClCompile Include="parser_symbol_node.cpp">
      <Filter>Файлы исходного кода</Filter>
    </ClCompile>
    <ClCompile Include="parser_statement_node.cpp">
      <Filter>Файлы исходного кода</Filter>
    </ClCompile>
    <ClCompile Include="symbol_table.cpp">
      <Filter>Файлы исходного кода</Filter>
    </ClCompile>
    <ClCompile Include="type_conversion.cpp">
      <Filter>Файлы исходного кода</Filter>
    </ClCompile>
    <ClCompile Include="asm_generator.cpp">
      <Filter>Файлы исходного кода</Filter>
    </ClCompile>
  </ItemGroup>
  <ItemGroup>
    <ClInclude Include="tokens.h">
      <Filter>Заголовочные файлы</Filter>
    </ClInclude>
    <ClInclude Include="lexeme_analyzer.h">
      <Filter>Заголовочные файлы</Filter>
    </ClInclude>
    <ClInclude Include="parser.h">
      <Filter>Заголовочные файлы</Filter>
    </ClInclude>
    <ClInclude Include="exceptions.h">
      <Filter>Заголовочные файлы</Filter>
    </ClInclude>
    <ClInclude Include="symbol_table.h">
      <Filter>Заголовочные файлы</Filter>
    </ClInclude>
    <ClInclude Include="token_char.h">
      <Filter>Заголовочные файлы\tokens</Filter>
    </ClInclude>
    <ClInclude Include="token_double.h">
      <Filter>Заголовочные файлы\tokens</Filter>
    </ClInclude>
    <ClInclude Include="token_identifier.h">
      <Filter>Заголовочные файлы\tokens</Filter>
    </ClInclude>
    <ClInclude Include="token_integer.h">
      <Filter>Заголовочные файлы\tokens</Filter>
    </ClInclude>
    <ClInclude Include="token_keyword.h">
      <Filter>Заголовочные файлы\tokens</Filter>
    </ClInclude>
    <ClInclude Include="token_operator.h">
      <Filter>Заголовочные файлы\tokens</Filter>
    </ClInclude>
    <ClInclude Include="token_string.h">
      <Filter>Заголовочные файлы\tokens</Filter>
    </ClInclude>
    <ClInclude Include="token_register.h">
      <Filter>Заголовочные файлы\tokens</Filter>
    </ClInclude>
    <ClInclude Include="type_conversion.h">
      <Filter>Заголовочные файлы</Filter>
    </ClInclude>
    <ClInclude Include="asm_generator.h">
      <Filter>Заголовочные файлы</Filter>
    </ClInclude>
    <ClInclude Include="asm_registers.h">
      <Filter>Заголовочные файлы\asm</Filter>
    </ClInclude>
    <ClInclude Include="parser_base_node.h">
      <Filter>Заголовочные файлы\parser_nodes</Filter>
    </ClInclude>
    <ClInclude Include="parser_expression_node.h">
      <Filter>Заголовочные файлы\parser_nodes</Filter>
    </ClInclude>
    <ClInclude Include="parser_statement_node.h">
      <Filter>Заголовочные файлы\parser_nodes</Filter>
    </ClInclude>
    <ClInclude Include="parser_symbol_node.h">
      <Filter>Заголовочные файлы\parser_nodes</Filter>
    </ClInclude>
    <ClInclude Include="asm_bin_op.h">
      <Filter>Заголовочные файлы\asm</Filter>
    </ClInclude>
    <ClInclude Include="asm_un_op.h">
      <Filter>Заголовочные файлы\asm</Filter>
    </ClInclude>
  </ItemGroup>
</Project>